
Microsoft Visual Studio Solution File, Format Version 12.00
# Visual Studio 15
VisualStudioVersion = 15.0.27703.2035
MinimumVisualStudioVersion = 10.0.40219.1
Project("{FAE04EC0-301F-11D3-BF4B-00C04F79EFBC}") = "HexLib", "HexLib\HexLib.csproj", "{337755AB-0EA2-44EE-B1BE-D7FF38E48A9E}"
EndProject
Project("{FAE04EC0-301F-11D3-BF4B-00C04F79EFBC}") = "HexLibTest", "HexLibTest\HexLibTest.csproj", "{92912369-1D85-41CC-8CC6-D36EADBFECD4}"
EndProject
Project("{FAE04EC0-301F-11D3-BF4B-00C04F79EFBC}") = "Demo", "Demo\Demo.csproj", "{165D76D9-DA85-44AF-95E8-AEE1425565FE}"
EndProject
Global
	GlobalSection(SolutionConfigurationPlatforms) = preSolution
		Debug|Any CPU = Debug|Any CPU
		Release|Any CPU = Release|Any CPU
	EndGlobalSection
	GlobalSection(ProjectConfigurationPlatforms) = postSolution
		{337755AB-0EA2-44EE-B1BE-D7FF38E48A9E}.Debug|Any CPU.ActiveCfg = Debug|Any CPU
		{337755AB-0EA2-44EE-B1BE-D7FF38E48A9E}.Debug|Any CPU.Build.0 = Debug|Any CPU
		{337755AB-0EA2-44EE-B1BE-D7FF38E48A9E}.Release|Any CPU.ActiveCfg = Release|Any CPU
		{337755AB-0EA2-44EE-B1BE-D7FF38E48A9E}.Release|Any CPU.Build.0 = Release|Any CPU
		{92912369-1D85-41CC-8CC6-D36EADBFECD4}.Debug|Any CPU.ActiveCfg = Debug|Any CPU
		{92912369-1D85-41CC-8CC6-D36EADBFECD4}.Debug|Any CPU.Build.0 = Debug|Any CPU
		{92912369-1D85-41CC-8CC6-D36EADBFECD4}.Release|Any CPU.ActiveCfg = Release|Any CPU
		{92912369-1D85-41CC-8CC6-D36EADBFECD4}.Release|Any CPU.Build.0 = Release|Any CPU
		{165D76D9-DA85-44AF-95E8-AEE1425565FE}.Debug|Any CPU.ActiveCfg = Debug|Any CPU
		{165D76D9-DA85-44AF-95E8-AEE1425565FE}.Debug|Any CPU.Build.0 = Debug|Any CPU
		{165D76D9-DA85-44AF-95E8-AEE1425565FE}.Release|Any CPU.ActiveCfg = Release|Any CPU
		{165D76D9-DA85-44AF-95E8-AEE1425565FE}.Release|Any CPU.Build.0 = Release|Any CPU
	EndGlobalSection
	GlobalSection(SolutionProperties) = preSolution
		HideSolutionNode = FALSE
	EndGlobalSection
	GlobalSection(ExtensibilityGlobals) = postSolution
		SolutionGuid = {43F8D4F9-28FC-4854-81F7-82D8922DAAAE}
	EndGlobalSection
EndGlobal
